
Microsoft Visual Studio Solution File, Format Version 12.00
# Visual Studio 15
VisualStudioVersion = 15.0.28010.2046
MinimumVisualStudioVersion = 10.0.40219.1
Project("{FAE04EC0-301F-11D3-BF4B-00C04F79EFBC}") = "Sudoku", "Sudoku\Sudoku.csproj", "{260A7E61-BBE5-461F-B0A3-54389AEC6808}"
EndProject
Global
	GlobalSection(SolutionConfigurationPlatforms) = preSolution
		Debug|Any CPU = Debug|Any CPU
		Release|Any CPU = Release|Any CPU
	EndGlobalSection
	GlobalSection(ProjectConfigurationPlatforms) = postSolution
		{260A7E61-BBE5-461F-B0A3-54389AEC6808}.Debug|Any CPU.ActiveCfg = Debug|Any CPU
		{260A7E61-BBE5-461F-B0A3-54389AEC6808}.Debug|Any CPU.Build.0 = Debug|Any CPU
		{260A7E61-BBE5-461F-B0A3-54389AEC6808}.Release|Any CPU.ActiveCfg = Release|Any CPU
		{260A7E61-BBE5-461F-B0A3-54389AEC6808}.Release|Any CPU.Build.0 = Release|Any CPU
	EndGlobalSection
	GlobalSection(SolutionProperties) = preSolution
		HideSolutionNode = FALSE
	EndGlobalSection
	GlobalSection(ExtensibilityGlobals) = postSolution
		SolutionGuid = {4236A4D2-1550-4811-B7AD-021F1E2443EC}
	EndGlobalSection
EndGlobal
